
Microsoft Visual Studio Solution File, Format Version 12.00
# Visual Studio Version 16
VisualStudioVersion = 16.0.31129.286
MinimumVisualStudioVersion = 10.0.40219.1
Project("{FAE04EC0-301F-11D3-BF4B-00C04F79EFBC}") = "RestAPITestProject", "RestAPITestProject\RestAPITestProject.csproj", "{0B087FE9-428B-4B31-B2B5-752E7C50549A}"
EndProject
Global
	GlobalSection(SolutionConfigurationPlatforms) = preSolution
		Debug|Any CPU = Debug|Any CPU
		Release|Any CPU = Release|Any CPU
	EndGlobalSection
	GlobalSection(ProjectConfigurationPlatforms) = postSolution
		{0B087FE9-428B-4B31-B2B5-752E7C50549A}.Debug|Any CPU.ActiveCfg = Debug|Any CPU
		{0B087FE9-428B-4B31-B2B5-752E7C50549A}.Debug|Any CPU.Build.0 = Debug|Any CPU
		{0B087FE9-428B-4B31-B2B5-752E7C50549A}.Release|Any CPU.ActiveCfg = Release|Any CPU
		{0B087FE9-428B-4B31-B2B5-752E7C50549A}.Release|Any CPU.Build.0 = Release|Any CPU
	EndGlobalSection
	GlobalSection(SolutionProperties) = preSolution
		HideSolutionNode = FALSE
	EndGlobalSection
	GlobalSection(ExtensibilityGlobals) = postSolution
		SolutionGuid = {2D9468A9-F63C-4342-A025-4CA611464693}
	EndGlobalSection
EndGlobal
